
Microsoft Visual Studio Solution File, Format Version 12.00
# Visual Studio 15
VisualStudioVersion = 15.0.26403.3
MinimumVisualStudioVersion = 10.0.40219.1
Project("{FAE04EC0-301F-11D3-BF4B-00C04F79EFBC}") = "WordHunt", "WordHunt\WordHunt.csproj", "{7F42A40A-18CC-4D23-95B4-3F8C5129D338}"
EndProject
Project("{FAE04EC0-301F-11D3-BF4B-00C04F79EFBC}") = "WordHunt.Data", "WordHunt.Data\WordHunt.Data.csproj", "{C0272097-670F-47C2-A258-3D970EB17973}"
EndProject
Project("{FAE04EC0-301F-11D3-BF4B-00C04F79EFBC}") = "WordHunt.WebAPI", "WordHunt.WebAPI\WordHunt.WebAPI.csproj", "{8A7FC7A2-A35B-4343-8DBF-C558047EFAA7}"
EndProject
Project("{FAE04EC0-301F-11D3-BF4B-00C04F79EFBC}") = "WordHunt.Config", "WordHunt.Config\WordHunt.Config.csproj", "{4EB8AEC3-A29A-4848-AF16-79E374912552}"
EndProject
Project("{2150E333-8FDC-42A3-9474-1A3956D46DE8}") = "Solution Items", "Solution Items", "{427430A5-F76A-4B61-9920-25776453642D}"
	ProjectSection(SolutionItems) = preProject
		.gitignore = .gitignore
		LICENSE = LICENSE
		README.md = README.md
	EndProjectSection
EndProject
Project("{9A19103F-16F7-4668-BE54-9A1E7A4F7556}") = "WordHunt.Web", "WordHunt.Web\WordHunt.Web.csproj", "{6FBDFD4B-4407-45EC-8DC2-21084E68FFA0}"
EndProject
Project("{2150E333-8FDC-42A3-9474-1A3956D46DE8}") = "Tests", "Tests", "{22556DE7-A887-4B64-9A73-7563E0057998}"
EndProject
Project("{9A19103F-16F7-4668-BE54-9A1E7A4F7556}") = "WordHunt.Web.UnitTests", "WordHunt.Web.UnitTests\WordHunt.Web.UnitTests.csproj", "{2D4521A4-26E4-425D-9949-A2E55F9C2634}"
EndProject
Project("{FAE04EC0-301F-11D3-BF4B-00C04F79EFBC}") = "WordHunt.DataInterfaces", "WordHunt.DataInterfaces\WordHunt.DataInterfaces.csproj", "{AB05EFD7-FE61-45D0-9C0A-DFC1CED6A274}"
EndProject
Global
	GlobalSection(SolutionConfigurationPlatforms) = preSolution
		Debug|Any CPU = Debug|Any CPU
		Release|Any CPU = Release|Any CPU
	EndGlobalSection
	GlobalSection(ProjectConfigurationPlatforms) = postSolution
		{7F42A40A-18CC-4D23-95B4-3F8C5129D338}.Debug|Any CPU.ActiveCfg = Debug|Any CPU
		{7F42A40A-18CC-4D23-95B4-3F8C5129D338}.Debug|Any CPU.Build.0 = Debug|Any CPU
		{7F42A40A-18CC-4D23-95B4-3F8C5129D338}.Release|Any CPU.ActiveCfg = Release|Any CPU
		{7F42A40A-18CC-4D23-95B4-3F8C5129D338}.Release|Any CPU.Build.0 = Release|Any CPU
		{C0272097-670F-47C2-A258-3D970EB17973}.Debug|Any CPU.ActiveCfg = Debug|Any CPU
		{C0272097-670F-47C2-A258-3D970EB17973}.Debug|Any CPU.Build.0 = Debug|Any CPU
		{C0272097-670F-47C2-A258-3D970EB17973}.Release|Any CPU.ActiveCfg = Release|Any CPU
		{C0272097-670F-47C2-A258-3D970EB17973}.Release|Any CPU.Build.0 = Release|Any CPU
		{8A7FC7A2-A35B-4343-8DBF-C558047EFAA7}.Debug|Any CPU.ActiveCfg = Debug|Any CPU
		{8A7FC7A2-A35B-4343-8DBF-C558047EFAA7}.Debug|Any CPU.Build.0 = Debug|Any CPU
		{8A7FC7A2-A35B-4343-8DBF-C558047EFAA7}.Release|Any CPU.ActiveCfg = Release|Any CPU
		{8A7FC7A2-A35B-4343-8DBF-C558047EFAA7}.Release|Any CPU.Build.0 = Release|Any CPU
		{4EB8AEC3-A29A-4848-AF16-79E374912552}.Debug|Any CPU.ActiveCfg = Debug|Any CPU
		{4EB8AEC3-A29A-4848-AF16-79E374912552}.Debug|Any CPU.Build.0 = Debug|Any CPU
		{4EB8AEC3-A29A-4848-AF16-79E374912552}.Release|Any CPU.ActiveCfg = Release|Any CPU
		{4EB8AEC3-A29A-4848-AF16-79E374912552}.Release|Any CPU.Build.0 = Release|Any CPU
		{6FBDFD4B-4407-45EC-8DC2-21084E68FFA0}.Debug|Any CPU.ActiveCfg = Debug|Any CPU
		{6FBDFD4B-4407-45EC-8DC2-21084E68FFA0}.Debug|Any CPU.Build.0 = Debug|Any CPU
		{6FBDFD4B-4407-45EC-8DC2-21084E68FFA0}.Release|Any CPU.ActiveCfg = Release|Any CPU
		{6FBDFD4B-4407-45EC-8DC2-21084E68FFA0}.Release|Any CPU.Build.0 = Release|Any CPU
		{2D4521A4-26E4-425D-9949-A2E55F9C2634}.Debug|Any CPU.ActiveCfg = Debug|Any CPU
		{2D4521A4-26E4-425D-9949-A2E55F9C2634}.Debug|Any CPU.Build.0 = Debug|Any CPU
		{2D4521A4-26E4-425D-9949-A2E55F9C2634}.Release|Any CPU.ActiveCfg = Release|Any CPU
		{2D4521A4-26E4-425D-9949-A2E55F9C2634}.Release|Any CPU.Build.0 = Release|Any CPU
		{AB05EFD7-FE61-45D0-9C0A-DFC1CED6A274}.Debug|Any CPU.ActiveCfg = Debug|Any CPU
		{AB05EFD7-FE61-45D0-9C0A-DFC1CED6A274}.Debug|Any CPU.Build.0 = Debug|Any CPU
		{AB05EFD7-FE61-45D0-9C0A-DFC1CED6A274}.Release|Any CPU.ActiveCfg = Release|Any CPU
		{AB05EFD7-FE61-45D0-9C0A-DFC1CED6A274}.Release|Any CPU.Build.0 = Release|Any CPU
	EndGlobalSection
	GlobalSection(SolutionProperties) = preSolution
		HideSolutionNode = FALSE
	EndGlobalSection
	GlobalSection(NestedProjects) = preSolution
		{2D4521A4-26E4-425D-9949-A2E55F9C2634} = {22556DE7-A887-4B64-9A73-7563E0057998}
	EndGlobalSection
EndGlobal
